
Microsoft Visual Studio Solution File, Format Version 12.00
# Visual Studio Version 16
VisualStudioVersion = 16.0.31313.79
MinimumVisualStudioVersion = 10.0.40219.1
Project("{FAE04EC0-301F-11D3-BF4B-00C04F79EFBC}") = "CreditoBancario", "CreditoBancario.csproj", "{11419E50-EF12-40A8-AEF7-0793CF9AF1CE}"
EndProject
Project("{FAE04EC0-301F-11D3-BF4B-00C04F79EFBC}") = "Libros", "..\Practica Libros\Libros.csproj", "{B8F43B9D-D73D-46D7-AB88-DC2575EA5B0E}"
EndProject
Global
	GlobalSection(SolutionConfigurationPlatforms) = preSolution
		Debug|Any CPU = Debug|Any CPU
		Release|Any CPU = Release|Any CPU
	EndGlobalSection
	GlobalSection(ProjectConfigurationPlatforms) = postSolution
		{11419E50-EF12-40A8-AEF7-0793CF9AF1CE}.Debug|Any CPU.ActiveCfg = Debug|Any CPU
		{11419E50-EF12-40A8-AEF7-0793CF9AF1CE}.Debug|Any CPU.Build.0 = Debug|Any CPU
		{11419E50-EF12-40A8-AEF7-0793CF9AF1CE}.Release|Any CPU.ActiveCfg = Release|Any CPU
		{11419E50-EF12-40A8-AEF7-0793CF9AF1CE}.Release|Any CPU.Build.0 = Release|Any CPU
		{B8F43B9D-D73D-46D7-AB88-DC2575EA5B0E}.Debug|Any CPU.ActiveCfg = Debug|Any CPU
		{B8F43B9D-D73D-46D7-AB88-DC2575EA5B0E}.Debug|Any CPU.Build.0 = Debug|Any CPU
		{B8F43B9D-D73D-46D7-AB88-DC2575EA5B0E}.Release|Any CPU.ActiveCfg = Release|Any CPU
		{B8F43B9D-D73D-46D7-AB88-DC2575EA5B0E}.Release|Any CPU.Build.0 = Release|Any CPU
	EndGlobalSection
	GlobalSection(SolutionProperties) = preSolution
		HideSolutionNode = FALSE
	EndGlobalSection
	GlobalSection(ExtensibilityGlobals) = postSolution
		SolutionGuid = {A10BEB84-D1CF-42F7-8255-14A7DBDFC060}
	EndGlobalSection
EndGlobal
